
Microsoft Visual Studio Solution File, Format Version 12.00
# Visual Studio Version 17
VisualStudioVersion = 17.11.35327.3
MinimumVisualStudioVersion = 10.0.40219.1
Project("{FAE04EC0-301F-11D3-BF4B-00C04F79EFBC}") = "WinFormsApp1", "WinFormsApp1\WinFormsApp1.csproj", "{DC142319-2B12-4BCA-B793-79164940227E}"
EndProject
Global
	GlobalSection(SolutionConfigurationPlatforms) = preSolution
		Debug|Any CPU = Debug|Any CPU
		Release|Any CPU = Release|Any CPU
	EndGlobalSection
	GlobalSection(ProjectConfigurationPlatforms) = postSolution
		{DC142319-2B12-4BCA-B793-79164940227E}.Debug|Any CPU.ActiveCfg = Debug|Any CPU
		{DC142319-2B12-4BCA-B793-79164940227E}.Debug|Any CPU.Build.0 = Debug|Any CPU
		{DC142319-2B12-4BCA-B793-79164940227E}.Release|Any CPU.ActiveCfg = Release|Any CPU
		{DC142319-2B12-4BCA-B793-79164940227E}.Release|Any CPU.Build.0 = Release|Any CPU
	EndGlobalSection
	GlobalSection(SolutionProperties) = preSolution
		HideSolutionNode = FALSE
	EndGlobalSection
	GlobalSection(ExtensibilityGlobals) = postSolution
		SolutionGuid = {E23E1859-BE02-4906-9A10-1FB68B973AEE}
	EndGlobalSection
EndGlobal
